
Microsoft Visual Studio Solution File, Format Version 12.00
# Visual Studio 15
VisualStudioVersion = 15.0.26430.16
MinimumVisualStudioVersion = 10.0.40219.1
Project("{FAE04EC0-301F-11D3-BF4B-00C04F79EFBC}") = "VST_sprava_servisu", "VST_sprava_servisu\VST_sprava_servisu.csproj", "{78270770-1A33-416F-B0E7-945D7FEEC6CC}"
EndProject
Global
	GlobalSection(SolutionConfigurationPlatforms) = preSolution
		Debug|Any CPU = Debug|Any CPU
		Release|Any CPU = Release|Any CPU
	EndGlobalSection
	GlobalSection(ProjectConfigurationPlatforms) = postSolution
		{78270770-1A33-416F-B0E7-945D7FEEC6CC}.Debug|Any CPU.ActiveCfg = Debug|Any CPU
		{78270770-1A33-416F-B0E7-945D7FEEC6CC}.Debug|Any CPU.Build.0 = Debug|Any CPU
		{78270770-1A33-416F-B0E7-945D7FEEC6CC}.Release|Any CPU.ActiveCfg = Release|Any CPU
		{78270770-1A33-416F-B0E7-945D7FEEC6CC}.Release|Any CPU.Build.0 = Release|Any CPU
	EndGlobalSection
	GlobalSection(SolutionProperties) = preSolution
		HideSolutionNode = FALSE
	EndGlobalSection
	GlobalSection(ExtensibilityGlobals) = postSolution
		SolutionGuid = {5F6F15F6-C62C-41FD-933C-5EFAB2AF272C}
	EndGlobalSection
EndGlobal
